Microsoft Visual Studio Solution File, Format Version 12.00
# Visual Studio Version 17
VisualStudioVersion = 17.5.2.0
MinimumVisualStudioVersion = 10.0.40219.1
Project("{FAE04EC0-301F-11D3-BF4B-00C04F79EFBC}") = "CalculatorDemo.Blazor", "CalculatorDemo.Blazor.csproj", "{651EB242-9B46-A1FC-A05C-24A3B69E5697}"
EndProject
Global
	GlobalSection(SolutionConfigurationPlatforms) = preSolution
		Debug|Any CPU = Debug|Any CPU
		Release|Any CPU = Release|Any CPU
	EndGlobalSection
	GlobalSection(ProjectConfigurationPlatforms) = postSolution
		{651EB242-9B46-A1FC-A05C-24A3B69E5697}.Debug|Any CPU.ActiveCfg = Debug|Any CPU
		{651EB242-9B46-A1FC-A05C-24A3B69E5697}.Debug|Any CPU.Build.0 = Debug|Any CPU
		{651EB242-9B46-A1FC-A05C-24A3B69E5697}.Release|Any CPU.ActiveCfg = Release|Any CPU
		{651EB242-9B46-A1FC-A05C-24A3B69E5697}.Release|Any CPU.Build.0 = Release|Any CPU
	EndGlobalSection
	GlobalSection(SolutionProperties) = preSolution
		HideSolutionNode = FALSE
	EndGlobalSection
	GlobalSection(ExtensibilityGlobals) = postSolution
		SolutionGuid = {02E09771-94B5-40F1-83BF-863EE144A4A5}
	EndGlobalSection
EndGlobal
